<?xml version="1.0" encoding="utf-8"?>
<Project ToolsVersion="4.0" xmlns="http://schemas.microsoft.com/developer/msbuild/2003">
  <ItemGroup>
    <Filter Include="Source Files">
      <UniqueIdentifier>{4FC737F1-C7A5-4376-A066-2A32D752A2FF}</UniqueIdentifier>
      <Extensions>cpp;c;cc;cxx;c++;cppm;ixx;def;odl;idl;hpj;bat;asm;asmx</Extensions>
    </Filter>
    <Filter Include="Header Files">
      <UniqueIdentifier>{93995380-89BD-4b04-88EB-625FBE52EBFB}</UniqueIdentifier>
      <Extensions>h;hh;hpp;hxx;h++;hm;inl;inc;ipp;xsd</Extensions>
    </Filter>
    <Filter Include="Resource Files">
      <UniqueIdentifier>{67DA6AB6-F800-4c08-8B7A-83BB121AAD01}</UniqueIdentifier>
      <Extensions>rc;ico;cur;bmp;dlg;rc2;rct;bin;rgs;gif;jpg;jpeg;jpe;resx;tiff;tif;png;wav;mfcribbon-ms</Extensions>
    </Filter>
    <Filter Include="Generic_DS">
      <UniqueIdentifier>{aa55d837-d468-4bf7-8af6-0c258e2a3430}</UniqueIdentifier>
    </Filter>
    <Filter Include="Rovers&amp;Missions">
      <UniqueIdentifier>{f99b6cb9-0fc7-49c3-a2c7-146ff77a608b}</UniqueIdentifier>
    </Filter>
    <Filter Include="UI">
      <UniqueIdentifier>{a95064ed-fa95-405a-8d00-3aa75431c088}</UniqueIdentifier>
    </Filter>
    <Filter Include="MarsStation">
      <UniqueIdentifier>{22f37e68-31b5-400c-bb20-7f6224531340}</UniqueIdentifier>
    </Filter>
    <Filter Include="Events">
      <UniqueIdentifier>{25de4ec5-d926-401c-b652-2168472656ef}</UniqueIdentifier>
    </Filter>
  </ItemGroup>
  <ItemGroup>
    <ClInclude Include="Generic_DS\Node.h">
      <Filter>Generic_DS</Filter>
    </ClInclude>
    <ClInclude Include="Generic_DS\PriorityQueue.h">
      <Filter>Generic_DS</Filter>
    </ClInclude>
    <ClInclude Include="Generic_DS\Queue.h">
      <Filter>Generic_DS</Filter>
    </ClInclude>
    <ClInclude Include="Generic_DS\Stack.h">
      <Filter>Generic_DS</Filter>
    </ClInclude>
    <ClInclude Include="Rovers&amp;Missions\Mission.h">
      <Filter>Rovers&amp;Missions</Filter>
    </ClInclude>
    <ClInclude Include="Rovers&amp;Missions\Rover.h">
      <Filter>Rovers&amp;Missions</Filter>
    </ClInclude>
    <ClInclude Include="Event.h">
      <Filter>Events</Filter>
    </ClInclude>
    <ClInclude Include="MarsStation.h">
      <Filter>MarsStation</Filter>
    </ClInclude>
    <ClInclude Include="UI.h">
      <Filter>Header Files</Filter>
    </ClInclude>
  </ItemGroup>
  <ItemGroup>
    <ClCompile Include="Rovers&amp;Missions\Mission.cpp">
      <Filter>Rovers&amp;Missions</Filter>
    </ClCompile>
    <ClCompile Include="Rovers&amp;Missions\Rover.cpp">
      <Filter>Rovers&amp;Missions</Filter>
    </ClCompile>
    <ClCompile Include="Main.cpp">
      <Filter>Source Files</Filter>
    </ClCompile>
    <ClCompile Include="Event.cpp">
      <Filter>Events</Filter>
    </ClCompile>
    <ClCompile Include="MarsStation.cpp">
      <Filter>MarsStation</Filter>
    </ClCompile>
    <ClCompile Include="UI.cpp">
      <Filter>Source Files</Filter>
    </ClCompile>
  </ItemGroup>
</Project>